{
  "name": "web-preview",
  "lockfileVersion": 3,
  "requires": true,
  "packages": {
    "": {
      "dependencies": {
        "@xgen-sandbox/sdk": "file:../../sdks/typescript"
      }
    },
    "../../sdks/typescript": {
      "name": "@xgen-sandbox/sdk",
      "version": "0.1.0",
      "license": "MIT",
      "dependencies": {
        "@msgpack/msgpack": "^3.0.0-beta2",
        "ws": "^8.16.0"
      },
      "devDependencies": {
        "@types/ws": "^8.5.10",
        "tsup": "^8.0.0",
        "typescript": "^5.4.0"
      }
    },
    "node_modules/@xgen-sandbox/sdk": {
      "resolved": "../../sdks/typescript",
      "link": true
    }
  }
}
